
Microsoft Visual Studio Solution File, Format Version 12.00
# Visual Studio Version 17
VisualStudioVersion = 17.0.32112.339
MinimumVisualStudioVersion = 10.0.40219.1
Project("{FAE04EC0-301F-11D3-BF4B-00C04F79EFBC}") = "TicTacToe", "TicTacToe.csproj", "{9E35E64C-ED28-4CEB-B127-91C6069C5F34}"
EndProject
Global
	GlobalSection(SolutionConfigurationPlatforms) = preSolution
		Debug|Any CPU = Debug|Any CPU
		Release|Any CPU = Release|Any CPU
	EndGlobalSection
	GlobalSection(ProjectConfigurationPlatforms) = postSolution
		{9E35E64C-ED28-4CEB-B127-91C6069C5F34}.Debug|Any CPU.ActiveCfg = Debug|Any CPU
		{9E35E64C-ED28-4CEB-B127-91C6069C5F34}.Debug|Any CPU.Build.0 = Debug|Any CPU
		{9E35E64C-ED28-4CEB-B127-91C6069C5F34}.Release|Any CPU.ActiveCfg = Release|Any CPU
		{9E35E64C-ED28-4CEB-B127-91C6069C5F34}.Release|Any CPU.Build.0 = Release|Any CPU
	EndGlobalSection
	GlobalSection(SolutionProperties) = preSolution
		HideSolutionNode = FALSE
	EndGlobalSection
	GlobalSection(ExtensibilityGlobals) = postSolution
		SolutionGuid = {7AA74A33-144B-4A20-BE9E-AD0EDD78D209}
	EndGlobalSection
EndGlobal
